
Microsoft Visual Studio Solution File, Format Version 10.00
# Visual Studio 2008
Project("{FAE04EC0-301F-11D3-BF4B-00C04F79EFBC}") = "FormCadastrarMedico", "WindowsFormsApplication1\FormCadastrarMedico.csproj", "{4E44D8F7-5E82-43ED-A8CB-F8EB3DB40CF6}"
EndProject
Project("{FAE04EC0-301F-11D3-BF4B-00C04F79EFBC}") = "Dominio", "Dominio\Dominio.csproj", "{96E7C841-F7CA-4B21-BD28-08068AB9333D}"
EndProject
Global
	GlobalSection(SolutionConfigurationPlatforms) = preSolution
		Debug|Any CPU = Debug|Any CPU
		Release|Any CPU = Release|Any CPU
	EndGlobalSection
	GlobalSection(ProjectConfigurationPlatforms) = postSolution
		{4E44D8F7-5E82-43ED-A8CB-F8EB3DB40CF6}.Debug|Any CPU.ActiveCfg = Debug|Any CPU
		{4E44D8F7-5E82-43ED-A8CB-F8EB3DB40CF6}.Debug|Any CPU.Build.0 = Debug|Any CPU
		{4E44D8F7-5E82-43ED-A8CB-F8EB3DB40CF6}.Release|Any CPU.ActiveCfg = Release|Any CPU
		{4E44D8F7-5E82-43ED-A8CB-F8EB3DB40CF6}.Release|Any CPU.Build.0 = Release|Any CPU
		{96E7C841-F7CA-4B21-BD28-08068AB9333D}.Debug|Any CPU.ActiveCfg = Debug|Any CPU
		{96E7C841-F7CA-4B21-BD28-08068AB9333D}.Debug|Any CPU.Build.0 = Debug|Any CPU
		{96E7C841-F7CA-4B21-BD28-08068AB9333D}.Release|Any CPU.ActiveCfg = Release|Any CPU
		{96E7C841-F7CA-4B21-BD28-08068AB9333D}.Release|Any CPU.Build.0 = Release|Any CPU
	EndGlobalSection
	GlobalSection(SolutionProperties) = preSolution
		HideSolutionNode = FALSE
	EndGlobalSection
EndGlobal
